
Microsoft Visual Studio Solution File, Format Version 12.00
# Visual Studio Version 17
VisualStudioVersion = 17.1.32210.238
MinimumVisualStudioVersion = 10.0.40219.1
Project("{9A19103F-16F7-4668-BE54-9A1E7A4F7556}") = "Amigo.BAU.Application", "AmigoBAU.Application\Amigo.BAU.Application.csproj", "{68078B00-5C34-470A-A726-531B35B4546C}"
EndProject
Project("{2150E333-8FDC-42A3-9474-1A3956D46DE8}") = "Amigo.BAU", "Amigo.BAU", "{428CE7C1-A514-4D09-B6B8-1799295B36CF}"
EndProject
Project("{2150E333-8FDC-42A3-9474-1A3956D46DE8}") = "Amigo.Tests", "Amigo.Tests", "{29FAB953-BEF4-4F6A-8222-D8819ECD511E}"
EndProject
Project("{9A19103F-16F7-4668-BE54-9A1E7A4F7556}") = "Amigo.BAU.Application.Tests", "Amigo.BAU.Application.Tests\Amigo.BAU.Application.Tests.csproj", "{7BA24AB0-9DD3-48C5-B07A-12C764E1A107}"
EndProject
Project("{9A19103F-16F7-4668-BE54-9A1E7A4F7556}") = "Amigo.BAU.API", "Amigo.BAU.API\Amigo.BAU.API.csproj", "{3403E162-8205-4BFF-B0BD-3D6743D76121}"
EndProject
Project("{9A19103F-16F7-4668-BE54-9A1E7A4F7556}") = "Amigo.BAU.Repository", "Amigo.BAU.Repository\Amigo.BAU.Repository.csproj", "{BBB5BEA0-B61D-4BD2-97C4-32973D08615C}"
EndProject
Project("{9A19103F-16F7-4668-BE54-9A1E7A4F7556}") = "Amigo.BAU.Persistance", "Amigo.BAU.Persistance\Amigo.BAU.Persistance.csproj", "{3472BB55-4C54-40FE-A731-62F739CEAFB6}"
EndProject
Project("{9A19103F-16F7-4668-BE54-9A1E7A4F7556}") = "Amigo.BAU.Client", "Amigo.BAU.Client\Amigo.BAU.Client.csproj", "{E217D165-7AD2-4464-BEF2-7D50A099F9EE}"
EndProject
Global
	GlobalSection(SolutionConfigurationPlatforms) = preSolution
		Debug|Any CPU = Debug|Any CPU
		Release|Any CPU = Release|Any CPU
	EndGlobalSection
	GlobalSection(ProjectConfigurationPlatforms) = postSolution
		{68078B00-5C34-470A-A726-531B35B4546C}.Debug|Any CPU.ActiveCfg = Debug|Any CPU
		{68078B00-5C34-470A-A726-531B35B4546C}.Debug|Any CPU.Build.0 = Debug|Any CPU
		{68078B00-5C34-470A-A726-531B35B4546C}.Release|Any CPU.ActiveCfg = Release|Any CPU
		{68078B00-5C34-470A-A726-531B35B4546C}.Release|Any CPU.Build.0 = Release|Any CPU
		{7BA24AB0-9DD3-48C5-B07A-12C764E1A107}.Debug|Any CPU.ActiveCfg = Debug|Any CPU
		{7BA24AB0-9DD3-48C5-B07A-12C764E1A107}.Debug|Any CPU.Build.0 = Debug|Any CPU
		{7BA24AB0-9DD3-48C5-B07A-12C764E1A107}.Release|Any CPU.ActiveCfg = Release|Any CPU
		{7BA24AB0-9DD3-48C5-B07A-12C764E1A107}.Release|Any CPU.Build.0 = Release|Any CPU
		{3403E162-8205-4BFF-B0BD-3D6743D76121}.Debug|Any CPU.ActiveCfg = Debug|Any CPU
		{3403E162-8205-4BFF-B0BD-3D6743D76121}.Debug|Any CPU.Build.0 = Debug|Any CPU
		{3403E162-8205-4BFF-B0BD-3D6743D76121}.Release|Any CPU.ActiveCfg = Release|Any CPU
		{3403E162-8205-4BFF-B0BD-3D6743D76121}.Release|Any CPU.Build.0 = Release|Any CPU
		{BBB5BEA0-B61D-4BD2-97C4-32973D08615C}.Debug|Any CPU.ActiveCfg = Debug|Any CPU
		{BBB5BEA0-B61D-4BD2-97C4-32973D08615C}.Debug|Any CPU.Build.0 = Debug|Any CPU
		{BBB5BEA0-B61D-4BD2-97C4-32973D08615C}.Release|Any CPU.ActiveCfg = Release|Any CPU
		{BBB5BEA0-B61D-4BD2-97C4-32973D08615C}.Release|Any CPU.Build.0 = Release|Any CPU
		{3472BB55-4C54-40FE-A731-62F739CEAFB6}.Debug|Any CPU.ActiveCfg = Debug|Any CPU
		{3472BB55-4C54-40FE-A731-62F739CEAFB6}.Debug|Any CPU.Build.0 = Debug|Any CPU
		{3472BB55-4C54-40FE-A731-62F739CEAFB6}.Release|Any CPU.ActiveCfg = Release|Any CPU
		{3472BB55-4C54-40FE-A731-62F739CEAFB6}.Release|Any CPU.Build.0 = Release|Any CPU
		{E217D165-7AD2-4464-BEF2-7D50A099F9EE}.Debug|Any CPU.ActiveCfg = Debug|Any CPU
		{E217D165-7AD2-4464-BEF2-7D50A099F9EE}.Debug|Any CPU.Build.0 = Debug|Any CPU
		{E217D165-7AD2-4464-BEF2-7D50A099F9EE}.Release|Any CPU.ActiveCfg = Release|Any CPU
		{E217D165-7AD2-4464-BEF2-7D50A099F9EE}.Release|Any CPU.Build.0 = Release|Any CPU
	EndGlobalSection
	GlobalSection(SolutionProperties) = preSolution
		HideSolutionNode = FALSE
	EndGlobalSection
	GlobalSection(NestedProjects) = preSolution
		{68078B00-5C34-470A-A726-531B35B4546C} = {428CE7C1-A514-4D09-B6B8-1799295B36CF}
		{7BA24AB0-9DD3-48C5-B07A-12C764E1A107} = {29FAB953-BEF4-4F6A-8222-D8819ECD511E}
		{3403E162-8205-4BFF-B0BD-3D6743D76121} = {428CE7C1-A514-4D09-B6B8-1799295B36CF}
		{BBB5BEA0-B61D-4BD2-97C4-32973D08615C} = {428CE7C1-A514-4D09-B6B8-1799295B36CF}
		{3472BB55-4C54-40FE-A731-62F739CEAFB6} = {428CE7C1-A514-4D09-B6B8-1799295B36CF}
		{E217D165-7AD2-4464-BEF2-7D50A099F9EE} = {428CE7C1-A514-4D09-B6B8-1799295B36CF}
	EndGlobalSection
	GlobalSection(ExtensibilityGlobals) = postSolution
		SolutionGuid = {24CC4779-6460-4BFB-BE85-038AACA28ADC}
	EndGlobalSection
EndGlobal
